Microsoft Visual Studio Solution File, Format Version 12.00
# Visual Studio Version 17
VisualStudioVersion = 17.5.2.0
MinimumVisualStudioVersion = 10.0.40219.1
Project("{FAE04EC0-301F-11D3-BF4B-00C04F79EFBC}") = "DotnetWithDockerSetup", "DotnetWithDockerSetup.csproj", "{A16F094A-587D-D187-5BC2-FE46BBB378AD}"
EndProject
Global
	GlobalSection(SolutionConfigurationPlatforms) = preSolution
		Debug|Any CPU = Debug|Any CPU
		Release|Any CPU = Release|Any CPU
	EndGlobalSection
	GlobalSection(ProjectConfigurationPlatforms) = postSolution
		{A16F094A-587D-D187-5BC2-FE46BBB378AD}.Debug|Any CPU.ActiveCfg = Debug|Any CPU
		{A16F094A-587D-D187-5BC2-FE46BBB378AD}.Debug|Any CPU.Build.0 = Debug|Any CPU
		{A16F094A-587D-D187-5BC2-FE46BBB378AD}.Release|Any CPU.ActiveCfg = Release|Any CPU
		{A16F094A-587D-D187-5BC2-FE46BBB378AD}.Release|Any CPU.Build.0 = Release|Any CPU
	EndGlobalSection
	GlobalSection(SolutionProperties) = preSolution
		HideSolutionNode = FALSE
	EndGlobalSection
	GlobalSection(ExtensibilityGlobals) = postSolution
		SolutionGuid = {8CAC40AB-8446-4826-A594-56BCBED2248C}
	EndGlobalSection
EndGlobal
